
Microsoft Visual Studio Solution File, Format Version 12.00
# Visual Studio Version 17
VisualStudioVersion = 17.7.34202.233
MinimumVisualStudioVersion = 10.0.40219.1
Project("{FAE04EC0-301F-11D3-BF4B-00C04F79EFBC}") = "Runescape Task Generator", "Runescape Task Generator\Runescape Task Generator.csproj", "{8F4B9701-B231-46C9-B480-2FC21B01FC81}"
EndProject
Global
	GlobalSection(SolutionConfigurationPlatforms) = preSolution
		Debug|Any CPU = Debug|Any CPU
		Release|Any CPU = Release|Any CPU
	EndGlobalSection
	GlobalSection(ProjectConfigurationPlatforms) = postSolution
		{8F4B9701-B231-46C9-B480-2FC21B01FC81}.Debug|Any CPU.ActiveCfg = Debug|Any CPU
		{8F4B9701-B231-46C9-B480-2FC21B01FC81}.Debug|Any CPU.Build.0 = Debug|Any CPU
		{8F4B9701-B231-46C9-B480-2FC21B01FC81}.Release|Any CPU.ActiveCfg = Release|Any CPU
		{8F4B9701-B231-46C9-B480-2FC21B01FC81}.Release|Any CPU.Build.0 = Release|Any CPU
	EndGlobalSection
	GlobalSection(SolutionProperties) = preSolution
		HideSolutionNode = FALSE
	EndGlobalSection
	GlobalSection(ExtensibilityGlobals) = postSolution
		SolutionGuid = {2148185A-E1BD-45B2-8BF9-852D5700B37F}
	EndGlobalSection
EndGlobal
